
Microsoft Visual Studio Solution File, Format Version 12.00
# Visual Studio 15
VisualStudioVersion = 15.0.27703.2035
MinimumVisualStudioVersion = 10.0.40219.1
Project("{9A19103F-16F7-4668-BE54-9A1E7A4F7556}") = "DSAlgo", "..\..\DataStructure_Algorithm\DSAlgo\DSAlgo\DSAlgo.csproj", "{99DAC2D9-981B-474E-BF9F-E274D418EE62}"
EndProject
Project("{9A19103F-16F7-4668-BE54-9A1E7A4F7556}") = "YangPracticeLeetCode", "YangPracticeLeetCode\YangPracticeLeetCode.csproj", "{18D2D350-3DEE-451D-B8C0-AB9E0720DE16}"
EndProject
Global
	GlobalSection(SolutionConfigurationPlatforms) = preSolution
		Debug|Any CPU = Debug|Any CPU
		Release|Any CPU = Release|Any CPU
	EndGlobalSection
	GlobalSection(ProjectConfigurationPlatforms) = postSolution
		{99DAC2D9-981B-474E-BF9F-E274D418EE62}.Debug|Any CPU.ActiveCfg = Debug|Any CPU
		{99DAC2D9-981B-474E-BF9F-E274D418EE62}.Debug|Any CPU.Build.0 = Debug|Any CPU
		{99DAC2D9-981B-474E-BF9F-E274D418EE62}.Release|Any CPU.ActiveCfg = Release|Any CPU
		{99DAC2D9-981B-474E-BF9F-E274D418EE62}.Release|Any CPU.Build.0 = Release|Any CPU
		{18D2D350-3DEE-451D-B8C0-AB9E0720DE16}.Debug|Any CPU.ActiveCfg = Debug|Any CPU
		{18D2D350-3DEE-451D-B8C0-AB9E0720DE16}.Debug|Any CPU.Build.0 = Debug|Any CPU
		{18D2D350-3DEE-451D-B8C0-AB9E0720DE16}.Release|Any CPU.ActiveCfg = Release|Any CPU
		{18D2D350-3DEE-451D-B8C0-AB9E0720DE16}.Release|Any CPU.Build.0 = Release|Any CPU
	EndGlobalSection
	GlobalSection(SolutionProperties) = preSolution
		HideSolutionNode = FALSE
	EndGlobalSection
	GlobalSection(ExtensibilityGlobals) = postSolution
		SolutionGuid = {469877E3-59E2-4B15-8CA1-CF34487D3490}
	EndGlobalSection
EndGlobal
